
Microsoft Visual Studio Solution File, Format Version 12.00
# Visual Studio Version 16
VisualStudioVersion = 16.0.28803.202
MinimumVisualStudioVersion = 10.0.40219.1
Project("{FAE04EC0-301F-11D3-BF4B-00C04F79EFBC}") = "mini-market", "mini-market\mini-market.csproj", "{5D72078A-5B8F-48F7-B4D8-EE66C2403475}"
EndProject
Global
	GlobalSection(SolutionConfigurationPlatforms) = preSolution
		Debug|Any CPU = Debug|Any CPU
		Release|Any CPU = Release|Any CPU
	EndGlobalSection
	GlobalSection(ProjectConfigurationPlatforms) = postSolution
		{5D72078A-5B8F-48F7-B4D8-EE66C2403475}.Debug|Any CPU.ActiveCfg = Debug|Any CPU
		{5D72078A-5B8F-48F7-B4D8-EE66C2403475}.Debug|Any CPU.Build.0 = Debug|Any CPU
		{5D72078A-5B8F-48F7-B4D8-EE66C2403475}.Release|Any CPU.ActiveCfg = Release|Any CPU
		{5D72078A-5B8F-48F7-B4D8-EE66C2403475}.Release|Any CPU.Build.0 = Release|Any CPU
	EndGlobalSection
	GlobalSection(SolutionProperties) = preSolution
		HideSolutionNode = FALSE
	EndGlobalSection
	GlobalSection(ExtensibilityGlobals) = postSolution
		SolutionGuid = {108B2837-4B28-4988-A0C2-2464D8510EBE}
	EndGlobalSection
EndGlobal
